
Microsoft Visual Studio Solution File, Format Version 12.00
# Visual Studio Version 17
VisualStudioVersion = 17.1.32407.343
MinimumVisualStudioVersion = 10.0.40219.1
Project("{FAE04EC0-301F-11D3-BF4B-00C04F79EFBC}") = "VS2019.GlowWindow", "VS2019.GlowWindow\VS2019.GlowWindow.csproj", "{38DF54CA-4625-46E0-B8A3-8BB256561538}"
EndProject
Global
	GlobalSection(SolutionConfigurationPlatforms) = preSolution
		Debug|Any CPU = Debug|Any CPU
		Release|Any CPU = Release|Any CPU
	EndGlobalSection
	GlobalSection(ProjectConfigurationPlatforms) = postSolution
		{38DF54CA-4625-46E0-B8A3-8BB256561538}.Debug|Any CPU.ActiveCfg = Debug|Any CPU
		{38DF54CA-4625-46E0-B8A3-8BB256561538}.Debug|Any CPU.Build.0 = Debug|Any CPU
		{38DF54CA-4625-46E0-B8A3-8BB256561538}.Release|Any CPU.ActiveCfg = Release|Any CPU
		{38DF54CA-4625-46E0-B8A3-8BB256561538}.Release|Any CPU.Build.0 = Release|Any CPU
	EndGlobalSection
	GlobalSection(SolutionProperties) = preSolution
		HideSolutionNode = FALSE
	EndGlobalSection
	GlobalSection(ExtensibilityGlobals) = postSolution
		SolutionGuid = {98CD53E0-D765-4021-923F-DCBFB0555202}
	EndGlobalSection
EndGlobal
